
Microsoft Visual Studio Solution File, Format Version 12.00
# Visual Studio Version 16
VisualStudioVersion = 16.0.29001.49
MinimumVisualStudioVersion = 10.0.40219.1
Project("{2150E333-8FDC-42A3-9474-1A3956D46DE8}") = "Tests", "Tests", "{12881CD7-3A65-4A6E-855D-D91650B1245A}"
	ProjectSection(SolutionItems) = preProject
		Tests\TestHelper.config = Tests\TestHelper.config
	EndProjectSection
EndProject
Project("{2150E333-8FDC-42A3-9474-1A3956D46DE8}") = "Solution Items", "Solution Items", "{FEDE4316-205A-4E8D-852A-E00C000D6CEB}"
	ProjectSection(SolutionItems) = preProject
		.gitignore = .gitignore
		appveyor.yml = appveyor.yml
		CK.SqlServer.Transform\Data Definition Manipulation Language.docx = CK.SqlServer.Transform\Data Definition Manipulation Language.docx
		nuget.config = nuget.config
		RepositoryInfo.xml = RepositoryInfo.xml
		Common\Shared.props = Common\Shared.props
		Common\SharedKey.snk = Common\SharedKey.snk
	EndProjectSection
EndProject
Project("{9A19103F-16F7-4668-BE54-9A1E7A4F7556}") = "CodeCakeBuilder", "CodeCakeBuilder\CodeCakeBuilder.csproj", "{FD4817B6-3CD7-4E74-AA10-7CA95FDFCF2D}"
EndProject
Project("{9A19103F-16F7-4668-BE54-9A1E7A4F7556}") = "CK.SqlServer.Parser", "CK.SqlServer.Parser\CK.SqlServer.Parser.csproj", "{ABEF7832-B904-4C33-BC39-3959BCC680B5}"
EndProject
Project("{9A19103F-16F7-4668-BE54-9A1E7A4F7556}") = "CK.SqlServer.Transform", "CK.SqlServer.Transform\CK.SqlServer.Transform.csproj", "{89A1C9B4-EE8F-4B53-B5B6-9CE2ECB3D29B}"
EndProject
Project("{9A19103F-16F7-4668-BE54-9A1E7A4F7556}") = "CK.SqlServer.Parser.Tests", "Tests\CK.SqlServer.Parser.Tests\CK.SqlServer.Parser.Tests.csproj", "{ED57879D-0482-4BAF-8231-E7F9C3641E55}"
EndProject
Project("{9A19103F-16F7-4668-BE54-9A1E7A4F7556}") = "CK.SqlServer.Transform.Tests", "Tests\CK.SqlServer.Transform.Tests\CK.SqlServer.Transform.Tests.csproj", "{44F365F5-18A0-4AE8-8511-6407F9C88D6E}"
EndProject
Project("{9A19103F-16F7-4668-BE54-9A1E7A4F7556}") = "CK.SqlServer.UtilTests", "Tests\CK.SqlServer.UtilTests\CK.SqlServer.UtilTests.csproj", "{D86371BD-8AE3-47A3-B37D-F5B41B747DCD}"
EndProject
Project("{9A19103F-16F7-4668-BE54-9A1E7A4F7556}") = "CK.Testing.SqlTransform", "CK.Testing.SqlTransform\CK.Testing.SqlTransform.csproj", "{DA7584D9-DCEF-486B-80B1-63A612D156CA}"
EndProject
Global
	GlobalSection(SolutionConfigurationPlatforms) = preSolution
		Debug|Any CPU = Debug|Any CPU
		Release|Any CPU = Release|Any CPU
	EndGlobalSection
	GlobalSection(ProjectConfigurationPlatforms) = postSolution
		{FD4817B6-3CD7-4E74-AA10-7CA95FDFCF2D}.Debug|Any CPU.ActiveCfg = Debug|Any CPU
		{FD4817B6-3CD7-4E74-AA10-7CA95FDFCF2D}.Debug|Any CPU.Build.0 = Debug|Any CPU
		{FD4817B6-3CD7-4E74-AA10-7CA95FDFCF2D}.Release|Any CPU.ActiveCfg = Release|Any CPU
		{FD4817B6-3CD7-4E74-AA10-7CA95FDFCF2D}.Release|Any CPU.Build.0 = Release|Any CPU
		{ABEF7832-B904-4C33-BC39-3959BCC680B5}.Debug|Any CPU.ActiveCfg = Debug|Any CPU
		{ABEF7832-B904-4C33-BC39-3959BCC680B5}.Debug|Any CPU.Build.0 = Debug|Any CPU
		{ABEF7832-B904-4C33-BC39-3959BCC680B5}.Release|Any CPU.ActiveCfg = Release|Any CPU
		{ABEF7832-B904-4C33-BC39-3959BCC680B5}.Release|Any CPU.Build.0 = Release|Any CPU
		{89A1C9B4-EE8F-4B53-B5B6-9CE2ECB3D29B}.Debug|Any CPU.ActiveCfg = Debug|Any CPU
		{89A1C9B4-EE8F-4B53-B5B6-9CE2ECB3D29B}.Debug|Any CPU.Build.0 = Debug|Any CPU
		{89A1C9B4-EE8F-4B53-B5B6-9CE2ECB3D29B}.Release|Any CPU.ActiveCfg = Release|Any CPU
		{89A1C9B4-EE8F-4B53-B5B6-9CE2ECB3D29B}.Release|Any CPU.Build.0 = Release|Any CPU
		{ED57879D-0482-4BAF-8231-E7F9C3641E55}.Debug|Any CPU.ActiveCfg = Debug|Any CPU
		{ED57879D-0482-4BAF-8231-E7F9C3641E55}.Debug|Any CPU.Build.0 = Debug|Any CPU
		{ED57879D-0482-4BAF-8231-E7F9C3641E55}.Release|Any CPU.ActiveCfg = Release|Any CPU
		{ED57879D-0482-4BAF-8231-E7F9C3641E55}.Release|Any CPU.Build.0 = Release|Any CPU
		{44F365F5-18A0-4AE8-8511-6407F9C88D6E}.Debug|Any CPU.ActiveCfg = Debug|Any CPU
		{44F365F5-18A0-4AE8-8511-6407F9C88D6E}.Debug|Any CPU.Build.0 = Debug|Any CPU
		{44F365F5-18A0-4AE8-8511-6407F9C88D6E}.Release|Any CPU.ActiveCfg = Release|Any CPU
		{44F365F5-18A0-4AE8-8511-6407F9C88D6E}.Release|Any CPU.Build.0 = Release|Any CPU
		{D86371BD-8AE3-47A3-B37D-F5B41B747DCD}.Debug|Any CPU.ActiveCfg = Debug|Any CPU
		{D86371BD-8AE3-47A3-B37D-F5B41B747DCD}.Debug|Any CPU.Build.0 = Debug|Any CPU
		{D86371BD-8AE3-47A3-B37D-F5B41B747DCD}.Release|Any CPU.ActiveCfg = Release|Any CPU
		{D86371BD-8AE3-47A3-B37D-F5B41B747DCD}.Release|Any CPU.Build.0 = Release|Any CPU
		{DA7584D9-DCEF-486B-80B1-63A612D156CA}.Debug|Any CPU.ActiveCfg = Debug|Any CPU
		{DA7584D9-DCEF-486B-80B1-63A612D156CA}.Debug|Any CPU.Build.0 = Debug|Any CPU
		{DA7584D9-DCEF-486B-80B1-63A612D156CA}.Release|Any CPU.ActiveCfg = Release|Any CPU
		{DA7584D9-DCEF-486B-80B1-63A612D156CA}.Release|Any CPU.Build.0 = Release|Any CPU
	EndGlobalSection
	GlobalSection(SolutionProperties) = preSolution
		HideSolutionNode = FALSE
	EndGlobalSection
	GlobalSection(NestedProjects) = preSolution
		{ED57879D-0482-4BAF-8231-E7F9C3641E55} = {12881CD7-3A65-4A6E-855D-D91650B1245A}
		{44F365F5-18A0-4AE8-8511-6407F9C88D6E} = {12881CD7-3A65-4A6E-855D-D91650B1245A}
		{D86371BD-8AE3-47A3-B37D-F5B41B747DCD} = {12881CD7-3A65-4A6E-855D-D91650B1245A}
	EndGlobalSection
	GlobalSection(ExtensibilityGlobals) = postSolution
		SolutionGuid = {0759FDD4-106E-4867-B0E2-77039F0111B9}
	EndGlobalSection
EndGlobal
